
Microsoft Visual Studio Solution File, Format Version 12.00
# Visual Studio Version 16
VisualStudioVersion = 16.0.31229.75
MinimumVisualStudioVersion = 10.0.40219.1
Project("{FAE04EC0-301F-11D3-BF4B-00C04F79EFBC}") = "Arreglos", "Arreglos\Arreglos.csproj", "{6A818486-1871-422E-AB62-F8BA389AAF47}"
EndProject
Global
	GlobalSection(SolutionConfigurationPlatforms) = preSolution
		Debug|Any CPU = Debug|Any CPU
		Release|Any CPU = Release|Any CPU
	EndGlobalSection
	GlobalSection(ProjectConfigurationPlatforms) = postSolution
		{6A818486-1871-422E-AB62-F8BA389AAF47}.Debug|Any CPU.ActiveCfg = Debug|Any CPU
		{6A818486-1871-422E-AB62-F8BA389AAF47}.Debug|Any CPU.Build.0 = Debug|Any CPU
		{6A818486-1871-422E-AB62-F8BA389AAF47}.Release|Any CPU.ActiveCfg = Release|Any CPU
		{6A818486-1871-422E-AB62-F8BA389AAF47}.Release|Any CPU.Build.0 = Release|Any CPU
	EndGlobalSection
	GlobalSection(SolutionProperties) = preSolution
		HideSolutionNode = FALSE
	EndGlobalSection
	GlobalSection(ExtensibilityGlobals) = postSolution
		SolutionGuid = {1ACF4021-B43B-4A80-9084-B759795F75A9}
	EndGlobalSection
EndGlobal
